
Microsoft Visual Studio Solution File, Format Version 12.00
# Visual Studio Version 17
VisualStudioVersion = 17.0.31903.59
MinimumVisualStudioVersion = 10.0.40219.1
Project("{9A19103F-16F7-4668-BE54-9A1E7A4F7556}") = "AiChatCli", "AiChatCli\AiChatCli.csproj", "{CDD1E6F3-08C8-45C4-98ED-E9A2813B857A}"
EndProject
Project("{9A19103F-16F7-4668-BE54-9A1E7A4F7556}") = "AiChatLib", "AiChatLib\AiChatLib.csproj", "{0A68C597-A1E6-417F-B185-C151FFECFDFE}"
EndProject
Project("{2150E333-8FDC-42A3-9474-1A3956D46DE8}") = "Projects", "Projects", "{02EA681E-C7D8-13C7-8484-4AC65E1B71E8}"
EndProject
Project("{2150E333-8FDC-42A3-9474-1A3956D46DE8}") = "Libraries", "Libraries", "{760F4229-FDAB-4601-9370-9AE0263AD97B}"
EndProject
Project("{2150E333-8FDC-42A3-9474-1A3956D46DE8}") = "Tests", "Tests", "{4ED696A1-A4A8-456F-AA0B-362CE590E125}"
EndProject
Project("{FAE04EC0-301F-11D3-BF4B-00C04F79EFBC}") = "UtilsCoreLib", "UtilsCoreLib\UtilsCoreLib.csproj", "{9603C40E-2B7E-4E6F-9EE5-7D95C4BED217}"
EndProject
Project("{FAE04EC0-301F-11D3-BF4B-00C04F79EFBC}") = "LlmClientLib", "LlmClientLib\LlmClientLib.csproj", "{FBA65409-69B0-43D5-8E6B-E7A78E47FB67}"
EndProject
Project("{FAE04EC0-301F-11D3-BF4B-00C04F79EFBC}") = "LlmClientPpLibIntegrationTests", "LlmClientPpLibIntegrationTests\LlmClientPpLibIntegrationTests.csproj", "{0E598AED-E261-B633-C9EC-D7EE90BC16EA}"
EndProject
Project("{FAE04EC0-301F-11D3-BF4B-00C04F79EFBC}") = "LlmClientPpLib", "LlmClientPpLib\LlmClientPpLib.csproj", "{0D577F14-C90F-5A12-6724-9ABE7FD3A1E8}"
EndProject
Project("{FAE04EC0-301F-11D3-BF4B-00C04F79EFBC}") = "UtilsLib", "UtilsLib\UtilsLib.csproj", "{0828F6C1-7E53-FD44-1936-873C83C1BC41}"
EndProject
Project("{FAE04EC0-301F-11D3-BF4B-00C04F79EFBC}") = "LlmClientOpenAiLib", "LlmClientOpenAiLib\LlmClientOpenAiLib.csproj", "{9DB33A34-ADC4-4051-9A2F-2FBE6400D1D7}"
EndProject
Global
	GlobalSection(SolutionConfigurationPlatforms) = preSolution
		Debug|Any CPU = Debug|Any CPU
		Release|Any CPU = Release|Any CPU
	EndGlobalSection
	GlobalSection(ProjectConfigurationPlatforms) = postSolution
		{CDD1E6F3-08C8-45C4-98ED-E9A2813B857A}.Debug|Any CPU.ActiveCfg = Debug|Any CPU
		{CDD1E6F3-08C8-45C4-98ED-E9A2813B857A}.Debug|Any CPU.Build.0 = Debug|Any CPU
		{CDD1E6F3-08C8-45C4-98ED-E9A2813B857A}.Release|Any CPU.ActiveCfg = Release|Any CPU
		{CDD1E6F3-08C8-45C4-98ED-E9A2813B857A}.Release|Any CPU.Build.0 = Release|Any CPU
		{0A68C597-A1E6-417F-B185-C151FFECFDFE}.Debug|Any CPU.ActiveCfg = Debug|Any CPU
		{0A68C597-A1E6-417F-B185-C151FFECFDFE}.Debug|Any CPU.Build.0 = Debug|Any CPU
		{0A68C597-A1E6-417F-B185-C151FFECFDFE}.Release|Any CPU.ActiveCfg = Release|Any CPU
		{0A68C597-A1E6-417F-B185-C151FFECFDFE}.Release|Any CPU.Build.0 = Release|Any CPU
		{9603C40E-2B7E-4E6F-9EE5-7D95C4BED217}.Debug|Any CPU.ActiveCfg = Debug|Any CPU
		{9603C40E-2B7E-4E6F-9EE5-7D95C4BED217}.Debug|Any CPU.Build.0 = Debug|Any CPU
		{9603C40E-2B7E-4E6F-9EE5-7D95C4BED217}.Release|Any CPU.ActiveCfg = Release|Any CPU
		{9603C40E-2B7E-4E6F-9EE5-7D95C4BED217}.Release|Any CPU.Build.0 = Release|Any CPU
		{FBA65409-69B0-43D5-8E6B-E7A78E47FB67}.Debug|Any CPU.ActiveCfg = Debug|Any CPU
		{FBA65409-69B0-43D5-8E6B-E7A78E47FB67}.Debug|Any CPU.Build.0 = Debug|Any CPU
		{FBA65409-69B0-43D5-8E6B-E7A78E47FB67}.Release|Any CPU.ActiveCfg = Release|Any CPU
		{FBA65409-69B0-43D5-8E6B-E7A78E47FB67}.Release|Any CPU.Build.0 = Release|Any CPU
		{0E598AED-E261-B633-C9EC-D7EE90BC16EA}.Debug|Any CPU.ActiveCfg = Debug|Any CPU
		{0E598AED-E261-B633-C9EC-D7EE90BC16EA}.Debug|Any CPU.Build.0 = Debug|Any CPU
		{0E598AED-E261-B633-C9EC-D7EE90BC16EA}.Release|Any CPU.ActiveCfg = Release|Any CPU
		{0E598AED-E261-B633-C9EC-D7EE90BC16EA}.Release|Any CPU.Build.0 = Release|Any CPU
		{0D577F14-C90F-5A12-6724-9ABE7FD3A1E8}.Debug|Any CPU.ActiveCfg = Debug|Any CPU
		{0D577F14-C90F-5A12-6724-9ABE7FD3A1E8}.Debug|Any CPU.Build.0 = Debug|Any CPU
		{0D577F14-C90F-5A12-6724-9ABE7FD3A1E8}.Release|Any CPU.ActiveCfg = Release|Any CPU
		{0D577F14-C90F-5A12-6724-9ABE7FD3A1E8}.Release|Any CPU.Build.0 = Release|Any CPU
		{0828F6C1-7E53-FD44-1936-873C83C1BC41}.Debug|Any CPU.ActiveCfg = Debug|Any CPU
		{0828F6C1-7E53-FD44-1936-873C83C1BC41}.Debug|Any CPU.Build.0 = Debug|Any CPU
		{0828F6C1-7E53-FD44-1936-873C83C1BC41}.Release|Any CPU.ActiveCfg = Release|Any CPU
		{0828F6C1-7E53-FD44-1936-873C83C1BC41}.Release|Any CPU.Build.0 = Release|Any CPU
		{9DB33A34-ADC4-4051-9A2F-2FBE6400D1D7}.Debug|Any CPU.ActiveCfg = Debug|Any CPU
		{9DB33A34-ADC4-4051-9A2F-2FBE6400D1D7}.Debug|Any CPU.Build.0 = Debug|Any CPU
		{9DB33A34-ADC4-4051-9A2F-2FBE6400D1D7}.Release|Any CPU.ActiveCfg = Release|Any CPU
		{9DB33A34-ADC4-4051-9A2F-2FBE6400D1D7}.Release|Any CPU.Build.0 = Release|Any CPU
	EndGlobalSection
	GlobalSection(SolutionProperties) = preSolution
		HideSolutionNode = FALSE
	EndGlobalSection
	GlobalSection(NestedProjects) = preSolution
		{CDD1E6F3-08C8-45C4-98ED-E9A2813B857A} = {02EA681E-C7D8-13C7-8484-4AC65E1B71E8}
		{0A68C597-A1E6-417F-B185-C151FFECFDFE} = {02EA681E-C7D8-13C7-8484-4AC65E1B71E8}
		{9603C40E-2B7E-4E6F-9EE5-7D95C4BED217} = {760F4229-FDAB-4601-9370-9AE0263AD97B}
		{FBA65409-69B0-43D5-8E6B-E7A78E47FB67} = {760F4229-FDAB-4601-9370-9AE0263AD97B}
		{0E598AED-E261-B633-C9EC-D7EE90BC16EA} = {4ED696A1-A4A8-456F-AA0B-362CE590E125}
		{0D577F14-C90F-5A12-6724-9ABE7FD3A1E8} = {760F4229-FDAB-4601-9370-9AE0263AD97B}
		{0828F6C1-7E53-FD44-1936-873C83C1BC41} = {760F4229-FDAB-4601-9370-9AE0263AD97B}
		{9DB33A34-ADC4-4051-9A2F-2FBE6400D1D7} = {760F4229-FDAB-4601-9370-9AE0263AD97B}
	EndGlobalSection
	GlobalSection(ExtensibilityGlobals) = postSolution
		SolutionGuid = {C31CCA70-A163-4F65-B474-0A442003872E}
	EndGlobalSection
EndGlobal
