
Microsoft Visual Studio Solution File, Format Version 12.00
# Visual Studio Version 17
VisualStudioVersion = 17.0.31903.59
MinimumVisualStudioVersion = 10.0.40219.1
Project("{9A19103F-16F7-4668-BE54-9A1E7A4F7556}") = "AiChatCli", "AiChatCli\AiChatCli.csproj", "{CDD1E6F3-08C8-45C4-98ED-E9A2813B857A}"
EndProject
Project("{2150E333-8FDC-42A3-9474-1A3956D46DE8}") = "Projects", "Projects", "{02EA681E-C7D8-13C7-8484-4AC65E1B71E8}"
EndProject
Project("{2150E333-8FDC-42A3-9474-1A3956D46DE8}") = "Libraries", "Libraries", "{760F4229-FDAB-4601-9370-9AE0263AD97B}"
EndProject
Project("{FAE04EC0-301F-11D3-BF4B-00C04F79EFBC}") = "Utils.Abstractions", "Utils.Abstractions\Utils.Abstractions.csproj", "{4A3BA4B4-7F6D-52E7-54CB-E4F99CF37907}"
EndProject
Project("{FAE04EC0-301F-11D3-BF4B-00C04F79EFBC}") = "Utils", "Utils\Utils.csproj", "{65B858B0-FA7C-8D60-ADB1-EB168B88825D}"
EndProject
Project("{FAE04EC0-301F-11D3-BF4B-00C04F79EFBC}") = "AiChat", "AiChat\AiChat.csproj", "{7E5C2B53-1463-577A-3834-2DBB88129C01}"
EndProject
Project("{FAE04EC0-301F-11D3-BF4B-00C04F79EFBC}") = "FxPu.Extensions.Ai.Perplexity", "FxPu.Extensions.Ai.Perplexity\FxPu.Extensions.Ai.Perplexity.csproj", "{6E6493CE-D49D-4262-ABA9-3ED01F49AE48}"
EndProject
Global
	GlobalSection(SolutionConfigurationPlatforms) = preSolution
		Debug|Any CPU = Debug|Any CPU
		Release|Any CPU = Release|Any CPU
	EndGlobalSection
	GlobalSection(ProjectConfigurationPlatforms) = postSolution
		{CDD1E6F3-08C8-45C4-98ED-E9A2813B857A}.Debug|Any CPU.ActiveCfg = Debug|Any CPU
		{CDD1E6F3-08C8-45C4-98ED-E9A2813B857A}.Debug|Any CPU.Build.0 = Debug|Any CPU
		{CDD1E6F3-08C8-45C4-98ED-E9A2813B857A}.Release|Any CPU.ActiveCfg = Release|Any CPU
		{CDD1E6F3-08C8-45C4-98ED-E9A2813B857A}.Release|Any CPU.Build.0 = Release|Any CPU
		{4A3BA4B4-7F6D-52E7-54CB-E4F99CF37907}.Debug|Any CPU.ActiveCfg = Debug|Any CPU
		{4A3BA4B4-7F6D-52E7-54CB-E4F99CF37907}.Debug|Any CPU.Build.0 = Debug|Any CPU
		{4A3BA4B4-7F6D-52E7-54CB-E4F99CF37907}.Release|Any CPU.ActiveCfg = Release|Any CPU
		{4A3BA4B4-7F6D-52E7-54CB-E4F99CF37907}.Release|Any CPU.Build.0 = Release|Any CPU
		{65B858B0-FA7C-8D60-ADB1-EB168B88825D}.Debug|Any CPU.ActiveCfg = Debug|Any CPU
		{65B858B0-FA7C-8D60-ADB1-EB168B88825D}.Debug|Any CPU.Build.0 = Debug|Any CPU
		{65B858B0-FA7C-8D60-ADB1-EB168B88825D}.Release|Any CPU.ActiveCfg = Release|Any CPU
		{65B858B0-FA7C-8D60-ADB1-EB168B88825D}.Release|Any CPU.Build.0 = Release|Any CPU
		{7E5C2B53-1463-577A-3834-2DBB88129C01}.Debug|Any CPU.ActiveCfg = Debug|Any CPU
		{7E5C2B53-1463-577A-3834-2DBB88129C01}.Debug|Any CPU.Build.0 = Debug|Any CPU
		{7E5C2B53-1463-577A-3834-2DBB88129C01}.Release|Any CPU.ActiveCfg = Release|Any CPU
		{7E5C2B53-1463-577A-3834-2DBB88129C01}.Release|Any CPU.Build.0 = Release|Any CPU
		{6E6493CE-D49D-4262-ABA9-3ED01F49AE48}.Debug|Any CPU.ActiveCfg = Debug|Any CPU
		{6E6493CE-D49D-4262-ABA9-3ED01F49AE48}.Debug|Any CPU.Build.0 = Debug|Any CPU
		{6E6493CE-D49D-4262-ABA9-3ED01F49AE48}.Release|Any CPU.ActiveCfg = Release|Any CPU
		{6E6493CE-D49D-4262-ABA9-3ED01F49AE48}.Release|Any CPU.Build.0 = Release|Any CPU
	EndGlobalSection
	GlobalSection(SolutionProperties) = preSolution
		HideSolutionNode = FALSE
	EndGlobalSection
	GlobalSection(NestedProjects) = preSolution
		{CDD1E6F3-08C8-45C4-98ED-E9A2813B857A} = {02EA681E-C7D8-13C7-8484-4AC65E1B71E8}
		{4A3BA4B4-7F6D-52E7-54CB-E4F99CF37907} = {760F4229-FDAB-4601-9370-9AE0263AD97B}
		{65B858B0-FA7C-8D60-ADB1-EB168B88825D} = {760F4229-FDAB-4601-9370-9AE0263AD97B}
		{7E5C2B53-1463-577A-3834-2DBB88129C01} = {02EA681E-C7D8-13C7-8484-4AC65E1B71E8}
		{6E6493CE-D49D-4262-ABA9-3ED01F49AE48} = {760F4229-FDAB-4601-9370-9AE0263AD97B}
	EndGlobalSection
	GlobalSection(ExtensibilityGlobals) = postSolution
		SolutionGuid = {C31CCA70-A163-4F65-B474-0A442003872E}
	EndGlobalSection
EndGlobal
